
Microsoft Visual Studio Solution File, Format Version 12.00
# Visual Studio Version 17
VisualStudioVersion = 17.9.34728.123
MinimumVisualStudioVersion = 10.0.40219.1
Project("{FAE04EC0-301F-11D3-BF4B-00C04F79EFBC}") = "MProject", "MProject\MProject.csproj", "{D8354D96-C6AF-4083-A4F4-44A18FBE752F}"
EndProject
Global
	GlobalSection(SolutionConfigurationPlatforms) = preSolution
		Debug|Any CPU = Debug|Any CPU
		Release|Any CPU = Release|Any CPU
	EndGlobalSection
	GlobalSection(ProjectConfigurationPlatforms) = postSolution
		{D8354D96-C6AF-4083-A4F4-44A18FBE752F}.Debug|Any CPU.ActiveCfg = Debug|Any CPU
		{D8354D96-C6AF-4083-A4F4-44A18FBE752F}.Debug|Any CPU.Build.0 = Debug|Any CPU
		{D8354D96-C6AF-4083-A4F4-44A18FBE752F}.Debug|Any CPU.Deploy.0 = Debug|Any CPU
		{D8354D96-C6AF-4083-A4F4-44A18FBE752F}.Release|Any CPU.ActiveCfg = Release|Any CPU
		{D8354D96-C6AF-4083-A4F4-44A18FBE752F}.Release|Any CPU.Build.0 = Release|Any CPU
		{D8354D96-C6AF-4083-A4F4-44A18FBE752F}.Release|Any CPU.Deploy.0 = Release|Any CPU
	EndGlobalSection
	GlobalSection(SolutionProperties) = preSolution
		HideSolutionNode = FALSE
	EndGlobalSection
	GlobalSection(ExtensibilityGlobals) = postSolution
		SolutionGuid = {DCE339A8-9FB2-41F8-93CB-25ED72179DBC}
	EndGlobalSection
EndGlobal
